# IF THERE'S A GIT CONFLICT IN THIS FILE, DON'T SOLVE IT MANUALLY!
# INSTEAD EXECUTE `prisma2 migrate fix`
# Prisma Migrate lockfile v1
# Read more about conflict resolution here: TODO

20200403205130-create-posts
20200405103928-create-contact
20200714100855-create-contacts
20200714202034-create-tags
20200715132558
20200715133018-update-posts-with-image